
Microsoft Visual Studio Solution File, Format Version 12.00
# Visual Studio 15
VisualStudioVersion = 15.0.28307.329
MinimumVisualStudioVersion = 10.0.40219.1
Project("{8BC9CEB8-8B4A-11D0-8D11-00A0C91BC942}") = "Deque", "Deque\Deque.vcxproj", "{F3DA0FBC-958A-4E99-8963-8DAFD93E1D99}"
EndProject
Project("{8BC9CEB8-8B4A-11D0-8D11-00A0C91BC942}") = "List", "List\List.vcxproj", "{A5C40B8A-0EE2-46F2-AE0F-B76CC0561FFC}"
EndProject
Global
	GlobalSection(SolutionConfigurationPlatforms) = preSolution
		Debug|x64 = Debug|x64
		Debug|x86 = Debug|x86
		Release|x64 = Release|x64
		Release|x86 = Release|x86
	EndGlobalSection
	GlobalSection(ProjectConfigurationPlatforms) = postSolution
		{F3DA0FBC-958A-4E99-8963-8DAFD93E1D99}.Debug|x64.ActiveCfg = Debug|x64
		{F3DA0FBC-958A-4E99-8963-8DAFD93E1D99}.Debug|x64.Build.0 = Debug|x64
		{F3DA0FBC-958A-4E99-8963-8DAFD93E1D99}.Debug|x86.ActiveCfg = Debug|Win32
		{F3DA0FBC-958A-4E99-8963-8DAFD93E1D99}.Debug|x86.Build.0 = Debug|Win32
		{F3DA0FBC-958A-4E99-8963-8DAFD93E1D99}.Release|x64.ActiveCfg = Release|x64
		{F3DA0FBC-958A-4E99-8963-8DAFD93E1D99}.Release|x64.Build.0 = Release|x64
		{F3DA0FBC-958A-4E99-8963-8DAFD93E1D99}.Release|x86.ActiveCfg = Release|Win32
		{F3DA0FBC-958A-4E99-8963-8DAFD93E1D99}.Release|x86.Build.0 = Release|Win32
		{A5C40B8A-0EE2-46F2-AE0F-B76CC0561FFC}.Debug|x64.ActiveCfg = Debug|x64
		{A5C40B8A-0EE2-46F2-AE0F-B76CC0561FFC}.Debug|x64.Build.0 = Debug|x64
		{A5C40B8A-0EE2-46F2-AE0F-B76CC0561FFC}.Debug|x86.ActiveCfg = Debug|Win32
		{A5C40B8A-0EE2-46F2-AE0F-B76CC0561FFC}.Debug|x86.Build.0 = Debug|Win32
		{A5C40B8A-0EE2-46F2-AE0F-B76CC0561FFC}.Release|x64.ActiveCfg = Release|x64
		{A5C40B8A-0EE2-46F2-AE0F-B76CC0561FFC}.Release|x64.Build.0 = Release|x64
		{A5C40B8A-0EE2-46F2-AE0F-B76CC0561FFC}.Release|x86.ActiveCfg = Release|Win32
		{A5C40B8A-0EE2-46F2-AE0F-B76CC0561FFC}.Release|x86.Build.0 = Release|Win32
	EndGlobalSection
	GlobalSection(SolutionProperties) = preSolution
		HideSolutionNode = FALSE
	EndGlobalSection
	GlobalSection(ExtensibilityGlobals) = postSolution
		SolutionGuid = {9C3649EE-FFE3-4C2B-B0B5-123071097CDB}
	EndGlobalSection
EndGlobal
