
Microsoft Visual Studio Solution File, Format Version 12.00
# Visual Studio 15
VisualStudioVersion = 15.0.28307.572
MinimumVisualStudioVersion = 10.0.40219.1
Project("{8BC9CEB8-8B4A-11D0-8D11-00A0C91BC942}") = "Linked", "Linked\Linked.vcxproj", "{B4723A42-20C6-4790-AC36-E6DEC4826D8C}"
EndProject
Global
	GlobalSection(SolutionConfigurationPlatforms) = preSolution
		Debug|x64 = Debug|x64
		Debug|x86 = Debug|x86
		Release|x64 = Release|x64
		Release|x86 = Release|x86
	EndGlobalSection
	GlobalSection(ProjectConfigurationPlatforms) = postSolution
		{B4723A42-20C6-4790-AC36-E6DEC4826D8C}.Debug|x64.ActiveCfg = Debug|x64
		{B4723A42-20C6-4790-AC36-E6DEC4826D8C}.Debug|x64.Build.0 = Debug|x64
		{B4723A42-20C6-4790-AC36-E6DEC4826D8C}.Debug|x86.ActiveCfg = Debug|Win32
		{B4723A42-20C6-4790-AC36-E6DEC4826D8C}.Debug|x86.Build.0 = Debug|Win32
		{B4723A42-20C6-4790-AC36-E6DEC4826D8C}.Release|x64.ActiveCfg = Release|x64
		{B4723A42-20C6-4790-AC36-E6DEC4826D8C}.Release|x64.Build.0 = Release|x64
		{B4723A42-20C6-4790-AC36-E6DEC4826D8C}.Release|x86.ActiveCfg = Release|Win32
		{B4723A42-20C6-4790-AC36-E6DEC4826D8C}.Release|x86.Build.0 = Release|Win32
	EndGlobalSection
	GlobalSection(SolutionProperties) = preSolution
		HideSolutionNode = FALSE
	EndGlobalSection
	GlobalSection(ExtensibilityGlobals) = postSolution
		SolutionGuid = {90C2E133-45C2-47AB-AE27-5879A1CFFD4A}
	EndGlobalSection
EndGlobal
